<Solution>
  <Folder Name="/src/">
    <Project Path="src/FiveTalents.Api/FiveTalents.Api.csproj" />
    <Project Path="src/FiveTalents.Application/FiveTalents.Application.csproj" />
    <Project Path="src/FiveTalents.Domain/FiveTalents.Domain.csproj" />
    <Project Path="src/FiveTalents.Infrastructure/FiveTalents.Infrastructure.csproj" />
  </Folder>
  <Folder Name="/tests/">
    <Project Path="tests/FiveTalents.Tests.Unit/FiveTalents.Tests.Unit.csproj" />
    <Project Path="tests/FiveTalents.Tests.Integration/FiveTalents.Tests.Integration.csproj" />
  </Folder>
</Solution>
